// !$*UTF8*$!
{
	archiveVersion = 1;
	classes = {
	};
	objectVersion = 56;
	objects = {

/* Begin PBXBuildFile section */
		6479BC63296D31F90011CECC /* AppDelegate.swift in Sources */ = {isa = PBXBuildFile; fileRef = 6479BC62296D31F90011CECC /* AppDelegate.swift */; };
		6479BC65296D31F90011CECC /* SceneDelegate.swift in Sources */ = {isa = PBXBuildFile; fileRef = 6479BC64296D31F90011CECC /* SceneDelegate.swift */; };
		6479BC67296D31F90011CECC /* ViewController.swift in Sources */ = {isa = PBXBuildFile; fileRef = 6479BC66296D31F90011CECC /* ViewController.swift */; };
		6479BC6A296D31F90011CECC /* Main.storyboard in Resources */ = {isa = PBXBuildFile; fileRef = 6479BC68296D31F90011CECC /* Main.storyboard */; };
		6479BC6C296D31FB0011CECC /* Assets.xcassets in Resources */ = {isa = PBXBuildFile; fileRef = 6479BC6B296D31FB0011CECC /* Assets.xcassets */; };
		6479BC6F296D31FB0011CECC /* LaunchScreen.storyboard in Resources */ = {isa = PBXBuildFile; fileRef = 6479BC6D296D31FB0011CECC /* LaunchScreen.storyboard */; };
		6479BC82296D33AF0011CECC /* 3.jpg in Resources */ = {isa = PBXBuildFile; fileRef = 6479BC78296D33AF0011CECC /* 3.jpg */; };
		6479BC83296D33AF0011CECC /* 2.jpg in Resources */ = {isa = PBXBuildFile; fileRef = 6479BC79296D33AF0011CECC /* 2.jpg */; };
		6479BC84296D33AF0011CECC /* 4.jpg in Resources */ = {isa = PBXBuildFile; fileRef = 6479BC7A296D33AF0011CECC /* 4.jpg */; };
		6479BC85296D33AF0011CECC /* 8.jpg in Resources */ = {isa = PBXBuildFile; fileRef = 6479BC7B296D33AF0011CECC /* 8.jpg */; };
		6479BC86296D33AF0011CECC /* 6.jpg in Resources */ = {isa = PBXBuildFile; fileRef = 6479BC7C296D33AF0011CECC /* 6.jpg */; };
		6479BC87296D33AF0011CECC /* 5.jpg in Resources */ = {isa = PBXBuildFile; fileRef = 6479BC7D296D33AF0011CECC /* 5.jpg */; };
		6479BC88296D33AF0011CECC /* 9.jpg in Resources */ = {isa = PBXBuildFile; fileRef = 6479BC7E296D33AF0011CECC /* 9.jpg */; };
		6479BC89296D33AF0011CECC /* 10.jpg in Resources */ = {isa = PBXBuildFile; fileRef = 6479BC7F296D33AF0011CECC /* 10.jpg */; };
		6479BC8A296D33AF0011CECC /* 1.jpg in Resources */ = {isa = PBXBuildFile; fileRef = 6479BC80296D33AF0011CECC /* 1.jpg */; };
		6479BC8B296D33AF0011CECC /* 7.jpg in Resources */ = {isa = PBXBuildFile; fileRef = 6479BC81296D33AF0011CECC /* 7.jpg */; };
/* End PBXBuildFile section */

/* Begin PBXFileReference section */
		6479BC5F296D31F90011CECC /* PickerView.app */ = {isa = PBXFileReference; explicitFileType = wrapper.application; includeInIndex = 0; path = PickerView.app; sourceTree = BUILT_PRODUCTS_DIR; };
		6479BC62296D31F90011CECC /* AppDelegate.swift */ = {isa = PBXFileReference; lastKnownFileType = sourcecode.swift; path = AppDelegate.swift; sourceTree = "<group>"; };
		6479BC64296D31F90011CECC /* SceneDelegate.swift */ = {isa = PBXFileReference; lastKnownFileType = sourcecode.swift; path = SceneDelegate.swift; sourceTree = "<group>"; };
		6479BC66296D31F90011CECC /* ViewController.swift */ = {isa = PBXFileReference; lastKnownFileType = sourcecode.swift; path = ViewController.swift; sourceTree = "<group>"; };
		6479BC69296D31F90011CECC /* Base */ = {isa = PBXFileReference; lastKnownFileType = file.storyboard; name = Base; path = Base.lproj/Main.storyboard; sourceTree = "<group>"; };
		6479BC6B296D31FB0011CECC /* Assets.xcassets */ = {isa = PBXFileReference; lastKnownFileType = folder.assetcatalog; path = Assets.xcassets; sourceTree = "<group>"; };
		6479BC6E296D31FB0011CECC /* Base */ = {isa = PBXFileReference; lastKnownFileType = file.storyboard; name = Base; path = Base.lproj/LaunchScreen.storyboard; sourceTree = "<group>"; };
		6479BC70296D31FB0011CECC /* Info.plist */ = {isa = PBXFileReference; lastKnownFileType = text.plist.xml; path = Info.plist; sourceTree = "<group>"; };
		6479BC78296D33AF0011CECC /* 3.jpg */ = {isa = PBXFileReference; lastKnownFileType = image.jpeg; path = 3.jpg; sourceTree = "<group>"; };
		6479BC79296D33AF0011CECC /* 2.jpg */ = {isa = PBXFileReference; lastKnownFileType = image.jpeg; path = 2.jpg; sourceTree = "<group>"; };
		6479BC7A296D33AF0011CECC /* 4.jpg */ = {isa = PBXFileReference; lastKnownFileType = image.jpeg; path = 4.jpg; sourceTree = "<group>"; };
		6479BC7B296D33AF0011CECC /* 8.jpg */ = {isa = PBXFileReference; lastKnownFileType = image.jpeg; path = 8.jpg; sourceTree = "<group>"; };
		6479BC7C296D33AF0011CECC /* 6.jpg */ = {isa = PBXFileReference; lastKnownFileType = image.jpeg; path = 6.jpg; sourceTree = "<group>"; };
		6479BC7D296D33AF0011CECC /* 5.jpg */ = {isa = PBXFileReference; lastKnownFileType = image.jpeg; path = 5.jpg; sourceTree = "<group>"; };
		6479BC7E296D33AF0011CECC /* 9.jpg */ = {isa = PBXFileReference; lastKnownFileType = image.jpeg; path = 9.jpg; sourceTree = "<group>"; };
		6479BC7F296D33AF0011CECC /* 10.jpg */ = {isa = PBXFileReference; lastKnownFileType = image.jpeg; path = 10.jpg; sourceTree = "<group>"; };
		6479BC80296D33AF0011CECC /* 1.jpg */ = {isa = PBXFileReference; lastKnownFileType = image.jpeg; path = 1.jpg; sourceTree = "<group>"; };
		6479BC81296D33AF0011CECC /* 7.jpg */ = {isa = PBXFileReference; lastKnownFileType = image.jpeg; path = 7.jpg; sourceTree = "<group>"; };
/* End PBXFileReference section */

/* Begin PBXFrameworksBuildPhase section */
		6479BC5C296D31F90011CECC /* Frameworks */ = {
			isa = PBXFrameworksBuildPhase;
			buildActionMask = 2147483647;
			files = (
			);
			runOnlyForDeploymentPostprocessing = 0;
		};
/* End PBXFrameworksBuildPhase section */

/* Begin PBXGroup section */
		6479BC56296D31F90011CECC = {
			isa = PBXGroup;
			children = (
				6479BC61296D31F90011CECC /* PickerView */,
				6479BC60296D31F90011CECC /* Products */,
			);
			sourceTree = "<group>";
		};
		6479BC60296D31F90011CECC /* Products */ = {
			isa = PBXGroup;
			children = (
				6479BC5F296D31F90011CECC /* PickerView.app */,
			);
			name = Products;
			sourceTree = "<group>";
		};
		6479BC61296D31F90011CECC /* PickerView */ = {
			isa = PBXGroup;
			children = (
				6479BC77296D33860011CECC /* images */,
				6479BC62296D31F90011CECC /* AppDelegate.swift */,
				6479BC64296D31F90011CECC /* SceneDelegate.swift */,
				6479BC66296D31F90011CECC /* ViewController.swift */,
				6479BC68296D31F90011CECC /* Main.storyboard */,
				6479BC6B296D31FB0011CECC /* Assets.xcassets */,
				6479BC6D296D31FB0011CECC /* LaunchScreen.storyboard */,
				6479BC70296D31FB0011CECC /* Info.plist */,
			);
			path = PickerView;
			sourceTree = "<group>";
		};
		6479BC77296D33860011CECC /* images */ = {
			isa = PBXGroup;
			children = (
				6479BC80296D33AF0011CECC /* 1.jpg */,
				6479BC79296D33AF0011CECC /* 2.jpg */,
				6479BC78296D33AF0011CECC /* 3.jpg */,
				6479BC7A296D33AF0011CECC /* 4.jpg */,
				6479BC7D296D33AF0011CECC /* 5.jpg */,
				6479BC7C296D33AF0011CECC /* 6.jpg */,
				6479BC81296D33AF0011CECC /* 7.jpg */,
				6479BC7B296D33AF0011CECC /* 8.jpg */,
				6479BC7E296D33AF0011CECC /* 9.jpg */,
				6479BC7F296D33AF0011CECC /* 10.jpg */,
			);
			path = images;
			sourceTree = "<group>";
		};
/* End PBXGroup section */

/* Begin PBXNativeTarget section */
		6479BC5E296D31F90011CECC /* PickerView */ = {
			isa = PBXNativeTarget;
			buildConfigurationList = 6479BC73296D31FB0011CECC /* Build configuration list for PBXNativeTarget "PickerView" */;
			buildPhases = (
				6479BC5B296D31F90011CECC /* Sources */,
				6479BC5C296D31F90011CECC /* Frameworks */,
				6479BC5D296D31F90011CECC /* Resources */,
			);
			buildRules = (
			);
			dependencies = (
			);
			name = PickerView;
			productName = PickerView;
			productReference = 6479BC5F296D31F90011CECC /* PickerView.app */;
			productType = "com.apple.product-type.application";
		};
/* End PBXNativeTarget section */

/* Begin PBXProject section */
		6479BC57296D31F90011CECC /* Project object */ = {
			isa = PBXProject;
			attributes = {
				BuildIndependentTargetsInParallel = 1;
				LastSwiftUpdateCheck = 1420;
				LastUpgradeCheck = 1420;
				TargetAttributes = {
					6479BC5E296D31F90011CECC = {
						CreatedOnToolsVersion = 14.2;
					};
				};
			};
			buildConfigurationList = 6479BC5A296D31F90011CECC /* Build configuration list for PBXProject "PickerView" */;
			compatibilityVersion = "Xcode 14.0";
			developmentRegion = en;
			hasScannedForEncodings = 0;
			knownRegions = (
				en,
				Base,
			);
			mainGroup = 6479BC56296D31F90011CECC;
			productRefGroup = 6479BC60296D31F90011CECC /* Products */;
			projectDirPath = "";
			projectRoot = "";
			targets = (
				6479BC5E296D31F90011CECC /* PickerView */,
			);
		};
/* End PBXProject section */

/* Begin PBXResourcesBuildPhase section */
		6479BC5D296D31F90011CECC /* Resources */ = {
			isa = PBXResourcesBuildPhase;
			buildActionMask = 2147483647;
			files = (
				6479BC84296D33AF0011CECC /* 4.jpg in Resources */,
				6479BC6F296D31FB0011CECC /* LaunchScreen.storyboard in Resources */,
				6479BC86296D33AF0011CECC /* 6.jpg in Resources */,
				6479BC89296D33AF0011CECC /* 10.jpg in Resources */,
				6479BC88296D33AF0011CECC /* 9.jpg in Resources */,
				6479BC87296D33AF0011CECC /* 5.jpg in Resources */,
				6479BC6C296D31FB0011CECC /* Assets.xcassets in Resources */,
				6479BC83296D33AF0011CECC /* 2.jpg in Resources */,
				6479BC6A296D31F90011CECC /* Main.storyboard in Resources */,
				6479BC8A296D33AF0011CECC /* 1.jpg in Resources */,
				6479BC8B296D33AF0011CECC /* 7.jpg in Resources */,
				6479BC82296D33AF0011CECC /* 3.jpg in Resources */,
				6479BC85296D33AF0011CECC /* 8.jpg in Resources */,
			);
			runOnlyForDeploymentPostprocessing = 0;
		};
/* End PBXResourcesBuildPhase section */

/* Begin PBXSourcesBuildPhase section */
		6479BC5B296D31F90011CECC /* Sources */ = {
			isa = PBXSourcesBuildPhase;
			buildActionMask = 2147483647;
			files = (
				6479BC67296D31F90011CECC /* ViewController.swift in Sources */,
				6479BC63296D31F90011CECC /* AppDelegate.swift in Sources */,
				6479BC65296D31F90011CECC /* SceneDelegate.swift in Sources */,
			);
			runOnlyForDeploymentPostprocessing = 0;
		};
/* End PBXSourcesBuildPhase section */

/* Begin PBXVariantGroup section */
		6479BC68296D31F90011CECC /* Main.storyboard */ = {
			isa = PBXVariantGroup;
			children = (
				6479BC69296D31F90011CECC /* Base */,
			);
			name = Main.storyboard;
			sourceTree = "<group>";
		};
		6479BC6D296D31FB0011CECC /* LaunchScreen.storyboard */ = {
			isa = PBXVariantGroup;
			children = (
				6479BC6E296D31FB0011CECC /* Base */,
			);
			name = LaunchScreen.storyboard;
			sourceTree = "<group>";
		};
/* End PBXVariantGroup section */

/* Begin XCBuildConfiguration section */
		6479BC71296D31FB0011CECC /* Debug */ = {
			isa = XCBuildConfiguration;
			buildSettings = {
				ALWAYS_SEARCH_USER_PATHS = NO;
				CLANG_ANALYZER_NONNULL = YES;
				CLANG_ANALYZER_NUMBER_OBJECT_CONVERSION = YES_AGGRESSIVE;
				CLANG_CXX_LANGUAGE_STANDARD = "gnu++20";
				CLANG_ENABLE_MODULES = YES;
				CLANG_ENABLE_OBJC_ARC = YES;
				CLANG_ENABLE_OBJC_WEAK = YES;
				CLANG_WARN_BLOCK_CAPTURE_AUTORELEASING = YES;
				CLANG_WARN_BOOL_CONVERSION = YES;
				CLANG_WARN_COMMA = YES;
				CLANG_WARN_CONSTANT_CONVERSION = YES;
				CLANG_WARN_DEPRECATED_OBJC_IMPLEMENTATIONS = YES;
				CLANG_WARN_DIRECT_OBJC_ISA_USAGE = YES_ERROR;
				CLANG_WARN_DOCUMENTATION_COMMENTS = YES;
				CLANG_WARN_EMPTY_BODY = YES;
				CLANG_WARN_ENUM_CONVERSION = YES;
				CLANG_WARN_INFINITE_RECURSION = YES;
				CLANG_WARN_INT_CONVERSION = YES;
				CLANG_WARN_NON_LITERAL_NULL_CONVERSION = YES;
				CLANG_WARN_OBJC_IMPLICIT_RETAIN_SELF = YES;
				CLANG_WARN_OBJC_LITERAL_CONVERSION = YES;
				CLANG_WARN_OBJC_ROOT_CLASS = YES_ERROR;
				CLANG_WARN_QUOTED_INCLUDE_IN_FRAMEWORK_HEADER = YES;
				CLANG_WARN_RANGE_LOOP_ANALYSIS = YES;
				CLANG_WARN_STRICT_PROTOTYPES = YES;
				CLANG_WARN_SUSPICIOUS_MOVE = YES;
				CLANG_WARN_UNGUARDED_AVAILABILITY = YES_AGGRESSIVE;
				CLANG_WARN_UNREACHABLE_CODE = YES;
				CLANG_WARN__DUPLICATE_METHOD_MATCH = YES;
				COPY_PHASE_STRIP = NO;
				DEBUG_INFORMATION_FORMAT = dwarf;
				ENABLE_STRICT_OBJC_MSGSEND = YES;
				ENABLE_TESTABILITY = YES;
				GCC_C_LANGUAGE_STANDARD = gnu11;
				GCC_DYNAMIC_NO_PIC = NO;
				GCC_NO_COMMON_BLOCKS = YES;
				GCC_OPTIMIZATION_LEVEL = 0;
				GCC_PREPROCESSOR_DEFINITIONS = (
					"DEBUG=1",
					"$(inherited)",
				);
				GCC_WARN_64_TO_32_BIT_CONVERSION = YES;
				GCC_WARN_ABOUT_RETURN_TYPE = YES_ERROR;
				GCC_WARN_UNDECLARED_SELECTOR = YES;
				GCC_WARN_UNINITIALIZED_AUTOS = YES_AGGRESSIVE;
				GCC_WARN_UNUSED_FUNCTION = YES;
				GCC_WARN_UNUSED_VARIABLE = YES;
				IPHONEOS_DEPLOYMENT_TARGET = 16.2;
				MTL_ENABLE_DEBUG_INFO = INCLUDE_SOURCE;
				MTL_FAST_MATH = YES;
				ONLY_ACTIVE_ARCH = YES;
				SDKROOT = iphoneos;
				SWIFT_ACTIVE_COMPILATION_CONDITIONS = DEBUG;
				SWIFT_OPTIMIZATION_LEVEL = "-Onone";
			};
			name = Debug;
		};
		6479BC72296D31FB0011CECC /* Release */ = {
			isa = XCBuildConfiguration;
			buildSettings = {
				ALWAYS_SEARCH_USER_PATHS = NO;
				CLANG_ANALYZER_NONNULL = YES;
				CLANG_ANALYZER_NUMBER_OBJECT_CONVERSION = YES_AGGRESSIVE;
				CLANG_CXX_LANGUAGE_STANDARD = "gnu++20";
				CLANG_ENABLE_MODULES = YES;
				CLANG_ENABLE_OBJC_ARC = YES;
				CLANG_ENABLE_OBJC_WEAK = YES;
				CLANG_WARN_BLOCK_CAPTURE_AUTORELEASING = YES;
				CLANG_WARN_BOOL_CONVERSION = YES;
				CLANG_WARN_COMMA = YES;
				CLANG_WARN_CONSTANT_CONVERSION = YES;
				CLANG_WARN_DEPRECATED_OBJC_IMPLEMENTATIONS = YES;
				CLANG_WARN_DIRECT_OBJC_ISA_USAGE = YES_ERROR;
				CLANG_WARN_DOCUMENTATION_COMMENTS = YES;
				CLANG_WARN_EMPTY_BODY = YES;
				CLANG_WARN_ENUM_CONVERSION = YES;
				CLANG_WARN_INFINITE_RECURSION = YES;
				CLANG_WARN_INT_CONVERSION = YES;
				CLANG_WARN_NON_LITERAL_NULL_CONVERSION = YES;
				CLANG_WARN_OBJC_IMPLICIT_RETAIN_SELF = YES;
				CLANG_WARN_OBJC_LITERAL_CONVERSION = YES;
				CLANG_WARN_OBJC_ROOT_CLASS = YES_ERROR;
				CLANG_WARN_QUOTED_INCLUDE_IN_FRAMEWORK_HEADER = YES;
				CLANG_WARN_RANGE_LOOP_ANALYSIS = YES;
				CLANG_WARN_STRICT_PROTOTYPES = YES;
				CLANG_WARN_SUSPICIOUS_MOVE = YES;
				CLANG_WARN_UNGUARDED_AVAILABILITY = YES_AGGRESSIVE;
				CLANG_WARN_UNREACHABLE_CODE = YES;
				CLANG_WARN__DUPLICATE_METHOD_MATCH = YES;
				COPY_PHASE_STRIP = NO;
				DEBUG_INFORMATION_FORMAT = "dwarf-with-dsym";
				ENABLE_NS_ASSERTIONS = NO;
				ENABLE_STRICT_OBJC_MSGSEND = YES;
				GCC_C_LANGUAGE_STANDARD = gnu11;
				GCC_NO_COMMON_BLOCKS = YES;
				GCC_WARN_64_TO_32_BIT_CONVERSION = YES;
				GCC_WARN_ABOUT_RETURN_TYPE = YES_ERROR;
				GCC_WARN_UNDECLARED_SELECTOR = YES;
				GCC_WARN_UNINITIALIZED_AUTOS = YES_AGGRESSIVE;
				GCC_WARN_UNUSED_FUNCTION = YES;
				GCC_WARN_UNUSED_VARIABLE = YES;
				IPHONEOS_DEPLOYMENT_TARGET = 16.2;
				MTL_ENABLE_DEBUG_INFO = NO;
				MTL_FAST_MATH = YES;
				SDKROOT = iphoneos;
				SWIFT_COMPILATION_MODE = wholemodule;
				SWIFT_OPTIMIZATION_LEVEL = "-O";
				VALIDATE_PRODUCT = YES;
			};
			name = Release;
		};
		6479BC74296D31FB0011CECC /* Debug */ = {
			isa = XCBuildConfiguration;
			buildSettings = {
				ASSETCATALOG_COMPILER_APPICON_NAME = AppIcon;
				ASSETCATALOG_COMPILER_GLOBAL_ACCENT_COLOR_NAME = AccentColor;
				CODE_SIGN_STYLE = Automatic;
				CURRENT_PROJECT_VERSION = 1;
				GENERATE_INFOPLIST_FILE = YES;
				INFOPLIST_FILE = PickerView/Info.plist;
				INFOPLIST_KEY_UIApplicationSupportsIndirectInputEvents = YES;
				INFOPLIST_KEY_UILaunchStoryboardName = LaunchScreen;
				INFOPLIST_KEY_UIMainStoryboardFile = Main;
				INFOPLIST_KEY_UISupportedInterfaceOrientations = UIInterfaceOrientationPortrait;
				LD_RUNPATH_SEARCH_PATHS = (
					"$(inherited)",
					"@executable_path/Frameworks",
				);
				MARKETING_VERSION = 1.0;
				PRODUCT_BUNDLE_IDENTIFIER = ny.PickerView;
				PRODUCT_NAME = "$(TARGET_NAME)";
				SWIFT_EMIT_LOC_STRINGS = YES;
				SWIFT_VERSION = 5.0;
				TARGETED_DEVICE_FAMILY = "1,2";
			};
			name = Debug;
		};
		6479BC75296D31FB0011CECC /* Release */ = {
			isa = XCBuildConfiguration;
			buildSettings = {
				ASSETCATALOG_COMPILER_APPICON_NAME = AppIcon;
				ASSETCATALOG_COMPILER_GLOBAL_ACCENT_COLOR_NAME = AccentColor;
				CODE_SIGN_STYLE = Automatic;
				CURRENT_PROJECT_VERSION = 1;
				GENERATE_INFOPLIST_FILE = YES;
				INFOPLIST_FILE = PickerView/Info.plist;
				INFOPLIST_KEY_UIApplicationSupportsIndirectInputEvents = YES;
				INFOPLIST_KEY_UILaunchStoryboardName = LaunchScreen;
				INFOPLIST_KEY_UIMainStoryboardFile = Main;
				INFOPLIST_KEY_UISupportedInterfaceOrientations = UIInterfaceOrientationPortrait;
				LD_RUNPATH_SEARCH_PATHS = (
					"$(inherited)",
					"@executable_path/Frameworks",
				);
				MARKETING_VERSION = 1.0;
				PRODUCT_BUNDLE_IDENTIFIER = ny.PickerView;
				PRODUCT_NAME = "$(TARGET_NAME)";
				SWIFT_EMIT_LOC_STRINGS = YES;
				SWIFT_VERSION = 5.0;
				TARGETED_DEVICE_FAMILY = "1,2";
			};
			name = Release;
		};
/* End XCBuildConfiguration section */

/* Begin XCConfigurationList section */
		6479BC5A296D31F90011CECC /* Build configuration list for PBXProject "PickerView" */ = {
			isa = XCConfigurationList;
			buildConfigurations = (
				6479BC71296D31FB0011CECC /* Debug */,
				6479BC72296D31FB0011CECC /* Release */,
			);
			defaultConfigurationIsVisible = 0;
			defaultConfigurationName = Release;
		};
		6479BC73296D31FB0011CECC /* Build configuration list for PBXNativeTarget "PickerView" */ = {
			isa = XCConfigurationList;
			buildConfigurations = (
				6479BC74296D31FB0011CECC /* Debug */,
				6479BC75296D31FB0011CECC /* Release */,
			);
			defaultConfigurationIsVisible = 0;
			defaultConfigurationName = Release;
		};
/* End XCConfigurationList section */
	};
	rootObject = 6479BC57296D31F90011CECC /* Project object */;
}
